Microsoft Visual Studio Solution File, Format Version 8.00
Project("{8BC9CEB8-8B4A-11D0-8D11-00A0C91BC942}") = "Sample_MFC", "Sample_MFC_2003.vcproj", "{FCC0101E-C143-41C1-97DE-66C1736A5B95}"
	ProjectSection(ProjectDependencies) = postProject
	EndProjectSection
EndProject
Global
	GlobalSection(SolutionConfiguration) = preSolution
		Debug = Debug
		Release = Release
	EndGlobalSection
	GlobalSection(ProjectConfiguration) = postSolution
		{FCC0101E-C143-41C1-97DE-66C1736A5B95}.Debug.ActiveCfg = Debug|Win32
		{FCC0101E-C143-41C1-97DE-66C1736A5B95}.Debug.Build.0 = Debug|Win32
		{FCC0101E-C143-41C1-97DE-66C1736A5B95}.Release.ActiveCfg = Release|Win32
		{FCC0101E-C143-41C1-97DE-66C1736A5B95}.Release.Build.0 = Release|Win32
	EndGlobalSection
	GlobalSection(SolutionItems) = postSolution
	EndGlobalSection
	GlobalSection(ExtensibilityGlobals) = postSolution
	EndGlobalSection
	GlobalSection(ExtensibilityAddIns) = postSolution
	EndGlobalSection
EndGlobal
