<?xml version="1.0" encoding="utf-8"?>
<Project ToolsVersion="4.0" xmlns="http://schemas.microsoft.com/developer/msbuild/2003">
  <ItemGroup>
    <Filter Include="Source file">
      <UniqueIdentifier>{093f981c-301b-4ceb-ac3d-a1d2424b1e9e}</UniqueIdentifier>
      <Extensions>cpp;c;cxx;def;odl;idl;hpj;bat;asm</Extensions>
    </Filter>
    <Filter Include="Header file">
      <UniqueIdentifier>{49709758-779f-41dd-b24d-6809224a3bd7}</UniqueIdentifier>
      <Extensions>h;hpp;hxx;hm;inl;inc</Extensions>
    </Filter>
    <Filter Include="Resource file">
      <UniqueIdentifier>{b9b7f135-b6d0-41a4-b853-62164f0d2a98}</UniqueIdentifier>
      <Extensions>rc;ico;cur;bmp;dlg;rc2;rct;bin;rgs;gif;jpg;jpeg;jpe</Extensions>
    </Filter>
  </ItemGroup>
  <ItemGroup>
    <ClCompile Include="Main.cpp">
      <Filter>Source file</Filter>
    </ClCompile>
  </ItemGroup>
  <ItemGroup>
    <ClInclude Include="CArtCamSdk.hpp">
      <Filter>Header file</Filter>
    </ClInclude>
  </ItemGroup>
</Project>