Microsoft Visual Studio Solution File, Format Version 9.00
Project("{8BC9CEB8-8B4A-11D0-8D11-00A0C91BC942}") = "Sample", "Sample_2005.vcproj", "{1DEBBB8A-7DD1-483E-A46A-818F0793A6F3}"
	ProjectSection(ProjectDependencies) = postProject
	EndProjectSection
EndProject
Global
	GlobalSection(SolutionConfiguration) = preSolution
		Debug = Debug
		Release = Release
	EndGlobalSection
	GlobalSection(ProjectConfiguration) = postSolution
		{1DEBBB8A-7DD1-483E-A46A-818F0793A6F3}.Debug.ActiveCfg = Debug|Win32
		{1DEBBB8A-7DD1-483E-A46A-818F0793A6F3}.Debug.Build.0 = Debug|Win32
		{1DEBBB8A-7DD1-483E-A46A-818F0793A6F3}.Release.ActiveCfg = Release|Win32
		{1DEBBB8A-7DD1-483E-A46A-818F0793A6F3}.Release.Build.0 = Release|Win32
	EndGlobalSection
	GlobalSection(ExtensibilityGlobals) = postSolution
	EndGlobalSection
	GlobalSection(ExtensibilityAddIns) = postSolution
	EndGlobalSection
EndGlobal
